
Microsoft Visual Studio Solution File, Format Version 12.00
# Visual Studio 15
VisualStudioVersion = 15.0.28010.2026
MinimumVisualStudioVersion = 10.0.40219.1
Project("{8BC9CEB8-8B4A-11D0-8D11-00A0C91BC942}") = "04_ListStack", "04_ListStack.vcxproj", "{7340035A-F1B5-4126-BDF5-A2465A4C61A4}"
EndProject
Global
	GlobalSection(SolutionConfigurationPlatforms) = preSolution
		Debug|x64 = Debug|x64
		Debug|x86 = Debug|x86
		Release|x64 = Release|x64
		Release|x86 = Release|x86
	EndGlobalSection
	GlobalSection(ProjectConfigurationPlatforms) = postSolution
		{7340035A-F1B5-4126-BDF5-A2465A4C61A4}.Debug|x64.ActiveCfg = Debug|x64
		{7340035A-F1B5-4126-BDF5-A2465A4C61A4}.Debug|x64.Build.0 = Debug|x64
		{7340035A-F1B5-4126-BDF5-A2465A4C61A4}.Debug|x86.ActiveCfg = Debug|Win32
		{7340035A-F1B5-4126-BDF5-A2465A4C61A4}.Debug|x86.Build.0 = Debug|Win32
		{7340035A-F1B5-4126-BDF5-A2465A4C61A4}.Release|x64.ActiveCfg = Release|x64
		{7340035A-F1B5-4126-BDF5-A2465A4C61A4}.Release|x64.Build.0 = Release|x64
		{7340035A-F1B5-4126-BDF5-A2465A4C61A4}.Release|x86.ActiveCfg = Release|Win32
		{7340035A-F1B5-4126-BDF5-A2465A4C61A4}.Release|x86.Build.0 = Release|Win32
	EndGlobalSection
	GlobalSection(SolutionProperties) = preSolution
		HideSolutionNode = FALSE
	EndGlobalSection
	GlobalSection(ExtensibilityGlobals) = postSolution
		SolutionGuid = {F8419296-0139-422B-969F-D95C28301E0F}
	EndGlobalSection
EndGlobal
